// !$*UTF8*$!
{
	archiveVersion = 1;
	classes = {
	};
	objectVersion = 55;
	objects = {

/* Begin PBXBuildFile section */
		27C5214027EA4A1700B70121 /* HireMeApp.swift in Sources */ = {isa = PBXBuildFile; fileRef = 27C5213F27EA4A1700B70121 /* HireMeApp.swift */; };
		27C5214227EA4A1700B70121 /* ContentView.swift in Sources */ = {isa = PBXBuildFile; fileRef = 27C5214127EA4A1700B70121 /* ContentView.swift */; };
		27C5214427EA4A1800B70121 /* Assets.xcassets in Resources */ = {isa = PBXBuildFile; fileRef = 27C5214327EA4A1800B70121 /* Assets.xcassets */; };
		27C5214727EA4A1800B70121 /* Preview Assets.xcassets in Resources */ = {isa = PBXBuildFile; fileRef = 27C5214627EA4A1800B70121 /* Preview Assets.xcassets */; };
		27C5215127EA4A1800B70121 /* HireMeTests.swift in Sources */ = {isa = PBXBuildFile; fileRef = 27C5215027EA4A1800B70121 /* HireMeTests.swift */; };
		27C5215B27EA4A1800B70121 /* HireMeUITests.swift in Sources */ = {isa = PBXBuildFile; fileRef = 27C5215A27EA4A1800B70121 /* HireMeUITests.swift */; };
		27C5215D27EA4A1800B70121 /* HireMeUITestsLaunchTests.swift in Sources */ = {isa = PBXBuildFile; fileRef = 27C5215C27EA4A1800B70121 /* HireMeUITestsLaunchTests.swift */; };
/* End PBXBuildFile section */

/* Begin PBXContainerItemProxy section */
		27C5214D27EA4A1800B70121 /* PBXContainerItemProxy */ = {
			isa = PBXContainerItemProxy;
			containerPortal = 27C5213427EA4A1700B70121 /* Project object */;
			proxyType = 1;
			remoteGlobalIDString = 27C5213B27EA4A1700B70121;
			remoteInfo = HireMe;
		};
		27C5215727EA4A1800B70121 /* PBXContainerItemProxy */ = {
			isa = PBXContainerItemProxy;
			containerPortal = 27C5213427EA4A1700B70121 /* Project object */;
			proxyType = 1;
			remoteGlobalIDString = 27C5213B27EA4A1700B70121;
			remoteInfo = HireMe;
		};
/* End PBXContainerItemProxy section */

/* Begin PBXFileReference section */
		27C5213C27EA4A1700B70121 /* HireMe.app */ = {isa = PBXFileReference; explicitFileType = wrapper.application; includeInIndex = 0; path = HireMe.app; sourceTree = BUILT_PRODUCTS_DIR; };
		27C5213F27EA4A1700B70121 /* HireMeApp.swift */ = {isa = PBXFileReference; lastKnownFileType = sourcecode.swift; path = HireMeApp.swift; sourceTree = "<group>"; };
		27C5214127EA4A1700B70121 /* ContentView.swift */ = {isa = PBXFileReference; lastKnownFileType = sourcecode.swift; path = ContentView.swift; sourceTree = "<group>"; };
		27C5214327EA4A1800B70121 /* Assets.xcassets */ = {isa = PBXFileReference; lastKnownFileType = folder.assetcatalog; path = Assets.xcassets; sourceTree = "<group>"; };
		27C5214627EA4A1800B70121 /* Preview Assets.xcassets */ = {isa = PBXFileReference; lastKnownFileType = folder.assetcatalog; path = "Preview Assets.xcassets"; sourceTree = "<group>"; };
		27C5214C27EA4A1800B70121 /* HireMeTests.xctest */ = {isa = PBXFileReference; explicitFileType = wrapper.cfbundle; includeInIndex = 0; path = HireMeTests.xctest; sourceTree = BUILT_PRODUCTS_DIR; };
		27C5215027EA4A1800B70121 /* HireMeTests.swift */ = {isa = PBXFileReference; lastKnownFileType = sourcecode.swift; path = HireMeTests.swift; sourceTree = "<group>"; };
		27C5215627EA4A1800B70121 /* HireMeUITests.xctest */ = {isa = PBXFileReference; explicitFileType = wrapper.cfbundle; includeInIndex = 0; path = HireMeUITests.xctest; sourceTree = BUILT_PRODUCTS_DIR; };
		27C5215A27EA4A1800B70121 /* HireMeUITests.swift */ = {isa = PBXFileReference; lastKnownFileType = sourcecode.swift; path = HireMeUITests.swift; sourceTree = "<group>"; };
		27C5215C27EA4A1800B70121 /* HireMeUITestsLaunchTests.swift */ = {isa = PBXFileReference; lastKnownFileType = sourcecode.swift; path = HireMeUITestsLaunchTests.swift; sourceTree = "<group>"; };
/* End PBXFileReference section */

/* Begin PBXFrameworksBuildPhase section */
		27C5213927EA4A1700B70121 /* Frameworks */ = {
			isa = PBXFrameworksBuildPhase;
			buildActionMask = 2147483647;
			files = (
			);
			runOnlyForDeploymentPostprocessing = 0;
		};
		27C5214927EA4A1800B70121 /* Frameworks */ = {
			isa = PBXFrameworksBuildPhase;
			buildActionMask = 2147483647;
			files = (
			);
			runOnlyForDeploymentPostprocessing = 0;
		};
		27C5215327EA4A1800B70121 /* Frameworks */ = {
			isa = PBXFrameworksBuildPhase;
			buildActionMask = 2147483647;
			files = (
			);
			runOnlyForDeploymentPostprocessing = 0;
		};
/* End PBXFrameworksBuildPhase section */

/* Begin PBXGroup section */
		27C5213327EA4A1700B70121 = {
			isa = PBXGroup;
			children = (
				27C5213E27EA4A1700B70121 /* HireMe */,
				27C5214F27EA4A1800B70121 /* HireMeTests */,
				27C5215927EA4A1800B70121 /* HireMeUITests */,
				27C5213D27EA4A1700B70121 /* Products */,
			);
			sourceTree = "<group>";
		};
		27C5213D27EA4A1700B70121 /* Products */ = {
			isa = PBXGroup;
			children = (
				27C5213C27EA4A1700B70121 /* HireMe.app */,
				27C5214C27EA4A1800B70121 /* HireMeTests.xctest */,
				27C5215627EA4A1800B70121 /* HireMeUITests.xctest */,
			);
			name = Products;
			sourceTree = "<group>";
		};
		27C5213E27EA4A1700B70121 /* HireMe */ = {
			isa = PBXGroup;
			children = (
				27C5213F27EA4A1700B70121 /* HireMeApp.swift */,
				27C5214127EA4A1700B70121 /* ContentView.swift */,
				27C5214327EA4A1800B70121 /* Assets.xcassets */,
				27C5214527EA4A1800B70121 /* Preview Content */,
			);
			path = HireMe;
			sourceTree = "<group>";
		};
		27C5214527EA4A1800B70121 /* Preview Content */ = {
			isa = PBXGroup;
			children = (
				27C5214627EA4A1800B70121 /* Preview Assets.xcassets */,
			);
			path = "Preview Content";
			sourceTree = "<group>";
		};
		27C5214F27EA4A1800B70121 /* HireMeTests */ = {
			isa = PBXGroup;
			children = (
				27C5215027EA4A1800B70121 /* HireMeTests.swift */,
			);
			path = HireMeTests;
			sourceTree = "<group>";
		};
		27C5215927EA4A1800B70121 /* HireMeUITests */ = {
			isa = PBXGroup;
			children = (
				27C5215A27EA4A1800B70121 /* HireMeUITests.swift */,
				27C5215C27EA4A1800B70121 /* HireMeUITestsLaunchTests.swift */,
			);
			path = HireMeUITests;
			sourceTree = "<group>";
		};
/* End PBXGroup section */

/* Begin PBXNativeTarget section */
		27C5213B27EA4A1700B70121 /* HireMe */ = {
			isa = PBXNativeTarget;
			buildConfigurationList = 27C5216027EA4A1800B70121 /* Build configuration list for PBXNativeTarget "HireMe" */;
			buildPhases = (
				27C5213827EA4A1700B70121 /* Sources */,
				27C5213927EA4A1700B70121 /* Frameworks */,
				27C5213A27EA4A1700B70121 /* Resources */,
			);
			buildRules = (
			);
			dependencies = (
			);
			name = HireMe;
			productName = HireMe;
			productReference = 27C5213C27EA4A1700B70121 /* HireMe.app */;
			productType = "com.apple.product-type.application";
		};
		27C5214B27EA4A1800B70121 /* HireMeTests */ = {
			isa = PBXNativeTarget;
			buildConfigurationList = 27C5216327EA4A1800B70121 /* Build configuration list for PBXNativeTarget "HireMeTests" */;
			buildPhases = (
				27C5214827EA4A1800B70121 /* Sources */,
				27C5214927EA4A1800B70121 /* Frameworks */,
				27C5214A27EA4A1800B70121 /* Resources */,
			);
			buildRules = (
			);
			dependencies = (
				27C5214E27EA4A1800B70121 /* PBXTargetDependency */,
			);
			name = HireMeTests;
			productName = HireMeTests;
			productReference = 27C5214C27EA4A1800B70121 /* HireMeTests.xctest */;
			productType = "com.apple.product-type.bundle.unit-test";
		};
		27C5215527EA4A1800B70121 /* HireMeUITests */ = {
			isa = PBXNativeTarget;
			buildConfigurationList = 27C5216627EA4A1800B70121 /* Build configuration list for PBXNativeTarget "HireMeUITests" */;
			buildPhases = (
				27C5215227EA4A1800B70121 /* Sources */,
				27C5215327EA4A1800B70121 /* Frameworks */,
				27C5215427EA4A1800B70121 /* Resources */,
			);
			buildRules = (
			);
			dependencies = (
				27C5215827EA4A1800B70121 /* PBXTargetDependency */,
			);
			name = HireMeUITests;
			productName = HireMeUITests;
			productReference = 27C5215627EA4A1800B70121 /* HireMeUITests.xctest */;
			productType = "com.apple.product-type.bundle.ui-testing";
		};
/* End PBXNativeTarget section */

/* Begin PBXProject section */
		27C5213427EA4A1700B70121 /* Project object */ = {
			isa = PBXProject;
			attributes = {
				BuildIndependentTargetsInParallel = 1;
				LastSwiftUpdateCheck = 1320;
				LastUpgradeCheck = 1320;
				TargetAttributes = {
					27C5213B27EA4A1700B70121 = {
						CreatedOnToolsVersion = 13.2;
					};
					27C5214B27EA4A1800B70121 = {
						CreatedOnToolsVersion = 13.2;
						TestTargetID = 27C5213B27EA4A1700B70121;
					};
					27C5215527EA4A1800B70121 = {
						CreatedOnToolsVersion = 13.2;
						TestTargetID = 27C5213B27EA4A1700B70121;
					};
				};
			};
			buildConfigurationList = 27C5213727EA4A1700B70121 /* Build configuration list for PBXProject "HireMe" */;
			compatibilityVersion = "Xcode 13.0";
			developmentRegion = en;
			hasScannedForEncodings = 0;
			knownRegions = (
				en,
				Base,
			);
			mainGroup = 27C5213327EA4A1700B70121;
			productRefGroup = 27C5213D27EA4A1700B70121 /* Products */;
			projectDirPath = "";
			projectRoot = "";
			targets = (
				27C5213B27EA4A1700B70121 /* HireMe */,
				27C5214B27EA4A1800B70121 /* HireMeTests */,
				27C5215527EA4A1800B70121 /* HireMeUITests */,
			);
		};
/* End PBXProject section */

/* Begin PBXResourcesBuildPhase section */
		27C5213A27EA4A1700B70121 /* Resources */ = {
			isa = PBXResourcesBuildPhase;
			buildActionMask = 2147483647;
			files = (
				27C5214727EA4A1800B70121 /* Preview Assets.xcassets in Resources */,
				27C5214427EA4A1800B70121 /* Assets.xcassets in Resources */,
			);
			runOnlyForDeploymentPostprocessing = 0;
		};
		27C5214A27EA4A1800B70121 /* Resources */ = {
			isa = PBXResourcesBuildPhase;
			buildActionMask = 2147483647;
			files = (
			);
			runOnlyForDeploymentPostprocessing = 0;
		};
		27C5215427EA4A1800B70121 /* Resources */ = {
			isa = PBXResourcesBuildPhase;
			buildActionMask = 2147483647;
			files = (
			);
			runOnlyForDeploymentPostprocessing = 0;
		};
/* End PBXResourcesBuildPhase section */

/* Begin PBXSourcesBuildPhase section */
		27C5213827EA4A1700B70121 /* Sources */ = {
			isa = PBXSourcesBuildPhase;
			buildActionMask = 2147483647;
			files = (
				27C5214227EA4A1700B70121 /* ContentView.swift in Sources */,
				27C5214027EA4A1700B70121 /* HireMeApp.swift in Sources */,
			);
			runOnlyForDeploymentPostprocessing = 0;
		};
		27C5214827EA4A1800B70121 /* Sources */ = {
			isa = PBXSourcesBuildPhase;
			buildActionMask = 2147483647;
			files = (
				27C5215127EA4A1800B70121 /* HireMeTests.swift in Sources */,
			);
			runOnlyForDeploymentPostprocessing = 0;
		};
		27C5215227EA4A1800B70121 /* Sources */ = {
			isa = PBXSourcesBuildPhase;
			buildActionMask = 2147483647;
			files = (
				27C5215D27EA4A1800B70121 /* HireMeUITestsLaunchTests.swift in Sources */,
				27C5215B27EA4A1800B70121 /* HireMeUITests.swift in Sources */,
			);
			runOnlyForDeploymentPostprocessing = 0;
		};
/* End PBXSourcesBuildPhase section */

/* Begin PBXTargetDependency section */
		27C5214E27EA4A1800B70121 /* PBXTargetDependency */ = {
			isa = PBXTargetDependency;
			target = 27C5213B27EA4A1700B70121 /* HireMe */;
			targetProxy = 27C5214D27EA4A1800B70121 /* PBXContainerItemProxy */;
		};
		27C5215827EA4A1800B70121 /* PBXTargetDependency */ = {
			isa = PBXTargetDependency;
			target = 27C5213B27EA4A1700B70121 /* HireMe */;
			targetProxy = 27C5215727EA4A1800B70121 /* PBXContainerItemProxy */;
		};
/* End PBXTargetDependency section */

/* Begin XCBuildConfiguration section */
		27C5215E27EA4A1800B70121 /* Debug */ = {
			isa = XCBuildConfiguration;
			buildSettings = {
				ALWAYS_SEARCH_USER_PATHS = NO;
				CLANG_ANALYZER_NONNULL = YES;
				CLANG_ANALYZER_NUMBER_OBJECT_CONVERSION = YES_AGGRESSIVE;
				CLANG_CXX_LANGUAGE_STANDARD = "gnu++17";
				CLANG_CXX_LIBRARY = "libc++";
				CLANG_ENABLE_MODULES = YES;
				CLANG_ENABLE_OBJC_ARC = YES;
				CLANG_ENABLE_OBJC_WEAK = YES;
				CLANG_WARN_BLOCK_CAPTURE_AUTORELEASING = YES;
				CLANG_WARN_BOOL_CONVERSION = YES;
				CLANG_WARN_COMMA = YES;
				CLANG_WARN_CONSTANT_CONVERSION = YES;
				CLANG_WARN_DEPRECATED_OBJC_IMPLEMENTATIONS = YES;
				CLANG_WARN_DIRECT_OBJC_ISA_USAGE = YES_ERROR;
				CLANG_WARN_DOCUMENTATION_COMMENTS = YES;
				CLANG_WARN_EMPTY_BODY = YES;
				CLANG_WARN_ENUM_CONVERSION = YES;
				CLANG_WARN_INFINITE_RECURSION = YES;
				CLANG_WARN_INT_CONVERSION = YES;
				CLANG_WARN_NON_LITERAL_NULL_CONVERSION = YES;
				CLANG_WARN_OBJC_IMPLICIT_RETAIN_SELF = YES;
				CLANG_WARN_OBJC_LITERAL_CONVERSION = YES;
				CLANG_WARN_OBJC_ROOT_CLASS = YES_ERROR;
				CLANG_WARN_QUOTED_INCLUDE_IN_FRAMEWORK_HEADER = YES;
				CLANG_WARN_RANGE_LOOP_ANALYSIS = YES;
				CLANG_WARN_STRICT_PROTOTYPES = YES;
				CLANG_WARN_SUSPICIOUS_MOVE = YES;
				CLANG_WARN_UNGUARDED_AVAILABILITY = YES_AGGRESSIVE;
				CLANG_WARN_UNREACHABLE_CODE = YES;
				CLANG_WARN__DUPLICATE_METHOD_MATCH = YES;
				COPY_PHASE_STRIP = NO;
				DEBUG_INFORMATION_FORMAT = dwarf;
				ENABLE_STRICT_OBJC_MSGSEND = YES;
				ENABLE_TESTABILITY = YES;
				GCC_C_LANGUAGE_STANDARD = gnu11;
				GCC_DYNAMIC_NO_PIC = NO;
				GCC_NO_COMMON_BLOCKS = YES;
				GCC_OPTIMIZATION_LEVEL = 0;
				GCC_PREPROCESSOR_DEFINITIONS = (
					"DEBUG=1",
					"$(inherited)",
				);
				GCC_WARN_64_TO_32_BIT_CONVERSION = YES;
				GCC_WARN_ABOUT_RETURN_TYPE = YES_ERROR;
				GCC_WARN_UNDECLARED_SELECTOR = YES;
				GCC_WARN_UNINITIALIZED_AUTOS = YES_AGGRESSIVE;
				GCC_WARN_UNUSED_FUNCTION = YES;
				GCC_WARN_UNUSED_VARIABLE = YES;
				IPHONEOS_DEPLOYMENT_TARGET = 15.2;
				MTL_ENABLE_DEBUG_INFO = INCLUDE_SOURCE;
				MTL_FAST_MATH = YES;
				ONLY_ACTIVE_ARCH = YES;
				SDKROOT = iphoneos;
				SWIFT_ACTIVE_COMPILATION_CONDITIONS = DEBUG;
				SWIFT_OPTIMIZATION_LEVEL = "-Onone";
			};
			name = Debug;
		};
		27C5215F27EA4A1800B70121 /* Release */ = {
			isa = XCBuildConfiguration;
			buildSettings = {
				ALWAYS_SEARCH_USER_PATHS = NO;
				CLANG_ANALYZER_NONNULL = YES;
				CLANG_ANALYZER_NUMBER_OBJECT_CONVERSION = YES_AGGRESSIVE;
				CLANG_CXX_LANGUAGE_STANDARD = "gnu++17";
				CLANG_CXX_LIBRARY = "libc++";
				CLANG_ENABLE_MODULES = YES;
				CLANG_ENABLE_OBJC_ARC = YES;
				CLANG_ENABLE_OBJC_WEAK = YES;
				CLANG_WARN_BLOCK_CAPTURE_AUTORELEASING = YES;
				CLANG_WARN_BOOL_CONVERSION = YES;
				CLANG_WARN_COMMA = YES;
				CLANG_WARN_CONSTANT_CONVERSION = YES;
				CLANG_WARN_DEPRECATED_OBJC_IMPLEMENTATIONS = YES;
				CLANG_WARN_DIRECT_OBJC_ISA_USAGE = YES_ERROR;
				CLANG_WARN_DOCUMENTATION_COMMENTS = YES;
				CLANG_WARN_EMPTY_BODY = YES;
				CLANG_WARN_ENUM_CONVERSION = YES;
				CLANG_WARN_INFINITE_RECURSION = YES;
				CLANG_WARN_INT_CONVERSION = YES;
				CLANG_WARN_NON_LITERAL_NULL_CONVERSION = YES;
				CLANG_WARN_OBJC_IMPLICIT_RETAIN_SELF = YES;
				CLANG_WARN_OBJC_LITERAL_CONVERSION = YES;
				CLANG_WARN_OBJC_ROOT_CLASS = YES_ERROR;
				CLANG_WARN_QUOTED_INCLUDE_IN_FRAMEWORK_HEADER = YES;
				CLANG_WARN_RANGE_LOOP_ANALYSIS = YES;
				CLANG_WARN_STRICT_PROTOTYPES = YES;
				CLANG_WARN_SUSPICIOUS_MOVE = YES;
				CLANG_WARN_UNGUARDED_AVAILABILITY = YES_AGGRESSIVE;
				CLANG_WARN_UNREACHABLE_CODE = YES;
				CLANG_WARN__DUPLICATE_METHOD_MATCH = YES;
				COPY_PHASE_STRIP = NO;
				DEBUG_INFORMATION_FORMAT = "dwarf-with-dsym";
				ENABLE_NS_ASSERTIONS = NO;
				ENABLE_STRICT_OBJC_MSGSEND = YES;
				GCC_C_LANGUAGE_STANDARD = gnu11;
				GCC_NO_COMMON_BLOCKS = YES;
				GCC_WARN_64_TO_32_BIT_CONVERSION = YES;
				GCC_WARN_ABOUT_RETURN_TYPE = YES_ERROR;
				GCC_WARN_UNDECLARED_SELECTOR = YES;
				GCC_WARN_UNINITIALIZED_AUTOS = YES_AGGRESSIVE;
				GCC_WARN_UNUSED_FUNCTION = YES;
				GCC_WARN_UNUSED_VARIABLE = YES;
				IPHONEOS_DEPLOYMENT_TARGET = 15.2;
				MTL_ENABLE_DEBUG_INFO = NO;
				MTL_FAST_MATH = YES;
				SDKROOT = iphoneos;
				SWIFT_COMPILATION_MODE = wholemodule;
				SWIFT_OPTIMIZATION_LEVEL = "-O";
				VALIDATE_PRODUCT = YES;
			};
			name = Release;
		};
		27C5216127EA4A1800B70121 /* Debug */ = {
			isa = XCBuildConfiguration;
			buildSettings = {
				ASSETCATALOG_COMPILER_APPICON_NAME = AppIcon;
				ASSETCATALOG_COMPILER_GLOBAL_ACCENT_COLOR_NAME = AccentColor;
				CODE_SIGN_STYLE = Automatic;
				CURRENT_PROJECT_VERSION = 1;
				DEVELOPMENT_ASSET_PATHS = "\"HireMe/Preview Content\"";
				DEVELOPMENT_TEAM = V29V928T5A;
				ENABLE_PREVIEWS = YES;
				GENERATE_INFOPLIST_FILE = YES;
				INFOPLIST_KEY_UIApplicationSceneManifest_Generation = YES;
				INFOPLIST_KEY_UIApplicationSupportsIndirectInputEvents = YES;
				INFOPLIST_KEY_UILaunchScreen_Generation = YES;
				INFOPLIST_KEY_UISupportedInterfaceOrientations_iPad = "UIInterfaceOrientationPortrait UIInterfaceOrientationPortraitUpsideDown UIInterfaceOrientationLandscapeLeft UIInterfaceOrientationLandscapeRight";
				INFOPLIST_KEY_UISupportedInterfaceOrientations_iPhone = "UIInterfaceOrientationPortrait UIInterfaceOrientationLandscapeLeft UIInterfaceOrientationLandscapeRight";
				LD_RUNPATH_SEARCH_PATHS = (
					"$(inherited)",
					"@executable_path/Frameworks",
				);
				MARKETING_VERSION = 1.0;
				PRODUCT_BUNDLE_IDENTIFIER = com.hunnefeldtyler.HireMe;
				PRODUCT_NAME = "$(TARGET_NAME)";
				SWIFT_EMIT_LOC_STRINGS = YES;
				SWIFT_VERSION = 5.0;
				TARGETED_DEVICE_FAMILY = "1,2";
			};
			name = Debug;
		};
		27C5216227EA4A1800B70121 /* Release */ = {
			isa = XCBuildConfiguration;
			buildSettings = {
				ASSETCATALOG_COMPILER_APPICON_NAME = AppIcon;
				ASSETCATALOG_COMPILER_GLOBAL_ACCENT_COLOR_NAME = AccentColor;
				CODE_SIGN_STYLE = Automatic;
				CURRENT_PROJECT_VERSION = 1;
				DEVELOPMENT_ASSET_PATHS = "\"HireMe/Preview Content\"";
				DEVELOPMENT_TEAM = V29V928T5A;
				ENABLE_PREVIEWS = YES;
				GENERATE_INFOPLIST_FILE = YES;
				INFOPLIST_KEY_UIApplicationSceneManifest_Generation = YES;
				INFOPLIST_KEY_UIApplicationSupportsIndirectInputEvents = YES;
				INFOPLIST_KEY_UILaunchScreen_Generation = YES;
				INFOPLIST_KEY_UISupportedInterfaceOrientations_iPad = "UIInterfaceOrientationPortrait UIInterfaceOrientationPortraitUpsideDown UIInterfaceOrientationLandscapeLeft UIInterfaceOrientationLandscapeRight";
				INFOPLIST_KEY_UISupportedInterfaceOrientations_iPhone = "UIInterfaceOrientationPortrait UIInterfaceOrientationLandscapeLeft UIInterfaceOrientationLandscapeRight";
				LD_RUNPATH_SEARCH_PATHS = (
					"$(inherited)",
					"@executable_path/Frameworks",
				);
				MARKETING_VERSION = 1.0;
				PRODUCT_BUNDLE_IDENTIFIER = com.hunnefeldtyler.HireMe;
				PRODUCT_NAME = "$(TARGET_NAME)";
				SWIFT_EMIT_LOC_STRINGS = YES;
				SWIFT_VERSION = 5.0;
				TARGETED_DEVICE_FAMILY = "1,2";
			};
			name = Release;
		};
		27C5216427EA4A1800B70121 /* Debug */ = {
			isa = XCBuildConfiguration;
			buildSettings = {
				ALWAYS_EMBED_SWIFT_STANDARD_LIBRARIES = YES;
				BUNDLE_LOADER = "$(TEST_HOST)";
				CODE_SIGN_STYLE = Automatic;
				CURRENT_PROJECT_VERSION = 1;
				DEVELOPMENT_TEAM = V29V928T5A;
				GENERATE_INFOPLIST_FILE = YES;
				IPHONEOS_DEPLOYMENT_TARGET = 15.2;
				MARKETING_VERSION = 1.0;
				PRODUCT_BUNDLE_IDENTIFIER = com.hunnefeldtyler.HireMeTests;
				PRODUCT_NAME = "$(TARGET_NAME)";
				SWIFT_EMIT_LOC_STRINGS = NO;
				SWIFT_VERSION = 5.0;
				TARGETED_DEVICE_FAMILY = "1,2";
				TEST_HOST = "$(BUILT_PRODUCTS_DIR)/HireMe.app/HireMe";
			};
			name = Debug;
		};
		27C5216527EA4A1800B70121 /* Release */ = {
			isa = XCBuildConfiguration;
			buildSettings = {
				ALWAYS_EMBED_SWIFT_STANDARD_LIBRARIES = YES;
				BUNDLE_LOADER = "$(TEST_HOST)";
				CODE_SIGN_STYLE = Automatic;
				CURRENT_PROJECT_VERSION = 1;
				DEVELOPMENT_TEAM = V29V928T5A;
				GENERATE_INFOPLIST_FILE = YES;
				IPHONEOS_DEPLOYMENT_TARGET = 15.2;
				MARKETING_VERSION = 1.0;
				PRODUCT_BUNDLE_IDENTIFIER = com.hunnefeldtyler.HireMeTests;
				PRODUCT_NAME = "$(TARGET_NAME)";
				SWIFT_EMIT_LOC_STRINGS = NO;
				SWIFT_VERSION = 5.0;
				TARGETED_DEVICE_FAMILY = "1,2";
				TEST_HOST = "$(BUILT_PRODUCTS_DIR)/HireMe.app/HireMe";
			};
			name = Release;
		};
		27C5216727EA4A1800B70121 /* Debug */ = {
			isa = XCBuildConfiguration;
			buildSettings = {
				ALWAYS_EMBED_SWIFT_STANDARD_LIBRARIES = YES;
				CODE_SIGN_STYLE = Automatic;
				CURRENT_PROJECT_VERSION = 1;
				DEVELOPMENT_TEAM = V29V928T5A;
				GENERATE_INFOPLIST_FILE = YES;
				MARKETING_VERSION = 1.0;
				PRODUCT_BUNDLE_IDENTIFIER = com.hunnefeldtyler.HireMeUITests;
				PRODUCT_NAME = "$(TARGET_NAME)";
				SWIFT_EMIT_LOC_STRINGS = NO;
				SWIFT_VERSION = 5.0;
				TARGETED_DEVICE_FAMILY = "1,2";
				TEST_TARGET_NAME = HireMe;
			};
			name = Debug;
		};
		27C5216827EA4A1800B70121 /* Release */ = {
			isa = XCBuildConfiguration;
			buildSettings = {
				ALWAYS_EMBED_SWIFT_STANDARD_LIBRARIES = YES;
				CODE_SIGN_STYLE = Automatic;
				CURRENT_PROJECT_VERSION = 1;
				DEVELOPMENT_TEAM = V29V928T5A;
				GENERATE_INFOPLIST_FILE = YES;
				MARKETING_VERSION = 1.0;
				PRODUCT_BUNDLE_IDENTIFIER = com.hunnefeldtyler.HireMeUITests;
				PRODUCT_NAME = "$(TARGET_NAME)";
				SWIFT_EMIT_LOC_STRINGS = NO;
				SWIFT_VERSION = 5.0;
				TARGETED_DEVICE_FAMILY = "1,2";
				TEST_TARGET_NAME = HireMe;
			};
			name = Release;
		};
/* End XCBuildConfiguration section */

/* Begin XCConfigurationList section */
		27C5213727EA4A1700B70121 /* Build configuration list for PBXProject "HireMe" */ = {
			isa = XCConfigurationList;
			buildConfigurations = (
				27C5215E27EA4A1800B70121 /* Debug */,
				27C5215F27EA4A1800B70121 /* Release */,
			);
			defaultConfigurationIsVisible = 0;
			defaultConfigurationName = Release;
		};
		27C5216027EA4A1800B70121 /* Build configuration list for PBXNativeTarget "HireMe" */ = {
			isa = XCConfigurationList;
			buildConfigurations = (
				27C5216127EA4A1800B70121 /* Debug */,
				27C5216227EA4A1800B70121 /* Release */,
			);
			defaultConfigurationIsVisible = 0;
			defaultConfigurationName = Release;
		};
		27C5216327EA4A1800B70121 /* Build configuration list for PBXNativeTarget "HireMeTests" */ = {
			isa = XCConfigurationList;
			buildConfigurations = (
				27C5216427EA4A1800B70121 /* Debug */,
				27C5216527EA4A1800B70121 /* Release */,
			);
			defaultConfigurationIsVisible = 0;
			defaultConfigurationName = Release;
		};
		27C5216627EA4A1800B70121 /* Build configuration list for PBXNativeTarget "HireMeUITests" */ = {
			isa = XCConfigurationList;
			buildConfigurations = (
				27C5216727EA4A1800B70121 /* Debug */,
				27C5216827EA4A1800B70121 /* Release */,
			);
			defaultConfigurationIsVisible = 0;
			defaultConfigurationName = Release;
		};
/* End XCConfigurationList section */
	};
	rootObject = 27C5213427EA4A1700B70121 /* Project object */;
}
